
Microsoft Visual Studio Solution File, Format Version 12.00
# Visual Studio Version 17
VisualStudioVersion = 17.8.34511.84
MinimumVisualStudioVersion = 10.0.40219.1
Project("{FAE04EC0-301F-11D3-BF4B-00C04F79EFBC}") = "RiotDataGragonChampionListConverter", "RiotDataGragonChampionListConverter\RiotDataGragonChampionListConverter.csproj", "{39C1984D-3DFA-434C-A28C-09EFEA9EE3C1}"
EndProject
Global
	GlobalSection(SolutionConfigurationPlatforms) = preSolution
		Debug|Any CPU = Debug|Any CPU
		Release|Any CPU = Release|Any CPU
	EndGlobalSection
	GlobalSection(ProjectConfigurationPlatforms) = postSolution
		{39C1984D-3DFA-434C-A28C-09EFEA9EE3C1}.Debug|Any CPU.ActiveCfg = Debug|Any CPU
		{39C1984D-3DFA-434C-A28C-09EFEA9EE3C1}.Debug|Any CPU.Build.0 = Debug|Any CPU
		{39C1984D-3DFA-434C-A28C-09EFEA9EE3C1}.Release|Any CPU.ActiveCfg = Release|Any CPU
		{39C1984D-3DFA-434C-A28C-09EFEA9EE3C1}.Release|Any CPU.Build.0 = Release|Any CPU
	EndGlobalSection
	GlobalSection(SolutionProperties) = preSolution
		HideSolutionNode = FALSE
	EndGlobalSection
	GlobalSection(ExtensibilityGlobals) = postSolution
		SolutionGuid = {FECA46AA-CD25-4A0B-83D2-0E107E360874}
	EndGlobalSection
EndGlobal
